
Microsoft Visual Studio Solution File, Format Version 12.00
# Visual Studio 14
VisualStudioVersion = 14.0.25420.1
MinimumVisualStudioVersion = 10.0.40219.1
Project("{FAE04EC0-301F-11D3-BF4B-00C04F79EFBC}") = "SQLRunner", "SQLRunner\SQLRunner.csproj", "{2FC48B7D-548C-4BE1-85DD-0ACA7B5CCD80}"
EndProject
Project("{FAE04EC0-301F-11D3-BF4B-00C04F79EFBC}") = "DataTesting", "DataTesting\DataTesting.csproj", "{DE412296-9F0F-438C-AD5F-26166E56A9F1}"
EndProject
Global
	GlobalSection(SolutionConfigurationPlatforms) = preSolution
		Debug|Any CPU = Debug|Any CPU
		Release|Any CPU = Release|Any CPU
	EndGlobalSection
	GlobalSection(ProjectConfigurationPlatforms) = postSolution
		{2FC48B7D-548C-4BE1-85DD-0ACA7B5CCD80}.Debug|Any CPU.ActiveCfg = Debug|Any CPU
		{2FC48B7D-548C-4BE1-85DD-0ACA7B5CCD80}.Debug|Any CPU.Build.0 = Debug|Any CPU
		{2FC48B7D-548C-4BE1-85DD-0ACA7B5CCD80}.Release|Any CPU.ActiveCfg = Release|Any CPU
		{2FC48B7D-548C-4BE1-85DD-0ACA7B5CCD80}.Release|Any CPU.Build.0 = Release|Any CPU
		{DE412296-9F0F-438C-AD5F-26166E56A9F1}.Debug|Any CPU.ActiveCfg = Debug|Any CPU
		{DE412296-9F0F-438C-AD5F-26166E56A9F1}.Debug|Any CPU.Build.0 = Debug|Any CPU
		{DE412296-9F0F-438C-AD5F-26166E56A9F1}.Release|Any CPU.ActiveCfg = Release|Any CPU
		{DE412296-9F0F-438C-AD5F-26166E56A9F1}.Release|Any CPU.Build.0 = Release|Any CPU
	EndGlobalSection
	GlobalSection(SolutionProperties) = preSolution
		HideSolutionNode = FALSE
	EndGlobalSection
EndGlobal
